// !$*UTF8*$!
{
	archiveVersion = 1;
	classes = {
	};
	objectVersion = 55;
	objects = {

/* Begin PBXBuildFile section */
		592C057D2723AEA200970B6D /* DIConfig.swift in Sources */ = {isa = PBXBuildFile; fileRef = 592C057C2723AEA200970B6D /* DIConfig.swift */; };
		592C05832723B6B400970B6D /* Common in Frameworks */ = {isa = PBXBuildFile; productRef = 592C05822723B6B400970B6D /* Common */; };
		592C05872723BB1700970B6D /* Networker in Frameworks */ = {isa = PBXBuildFile; productRef = 592C05862723BB1700970B6D /* Networker */; };
		5973F5C9271E486000E10A33 /* ListInteractor.swift in Sources */ = {isa = PBXBuildFile; fileRef = 5973F5C8271E486000E10A33 /* ListInteractor.swift */; };
		5973F5CD271E492300E10A33 /* ListCell.swift in Sources */ = {isa = PBXBuildFile; fileRef = 5973F5CB271E492300E10A33 /* ListCell.swift */; };
		5973F5CE271E492300E10A33 /* ListCell.xib in Resources */ = {isa = PBXBuildFile; fileRef = 5973F5CC271E492300E10A33 /* ListCell.xib */; };
		5973F5D0271E4B2F00E10A33 /* ListEntity.swift in Sources */ = {isa = PBXBuildFile; fileRef = 5973F5CF271E4B2F00E10A33 /* ListEntity.swift */; };
		5973F5D5271E5AC900E10A33 /* Swinject in Frameworks */ = {isa = PBXBuildFile; productRef = 5973F5D4271E5AC900E10A33 /* Swinject */; };
		5973F5DB271E663E00E10A33 /* ListResponse.swift in Sources */ = {isa = PBXBuildFile; fileRef = 5973F5DA271E663E00E10A33 /* ListResponse.swift */; };
		5973F5DE271E8BC200E10A33 /* AlamofireImage in Frameworks */ = {isa = PBXBuildFile; productRef = 5973F5DD271E8BC200E10A33 /* AlamofireImage */; };
		5973F5E3271F920400E10A33 /* DetailView.swift in Sources */ = {isa = PBXBuildFile; fileRef = 5973F5E2271F920400E10A33 /* DetailView.swift */; };
		59764CB8272CD5F2000606B4 /* NVActivityIndicatorView in Frameworks */ = {isa = PBXBuildFile; productRef = 59764CB7272CD5F2000606B4 /* NVActivityIndicatorView */; };
		59764CBA272CD5F2000606B4 /* NVActivityIndicatorViewExtended in Frameworks */ = {isa = PBXBuildFile; productRef = 59764CB9272CD5F2000606B4 /* NVActivityIndicatorViewExtended */; };
		597B1543271B958B009332D5 /* AppDelegate.swift in Sources */ = {isa = PBXBuildFile; fileRef = 597B1542271B958B009332D5 /* AppDelegate.swift */; };
		597B155C271B95ED009332D5 /* Assets.xcassets in Resources */ = {isa = PBXBuildFile; fileRef = 597B1557271B95E7009332D5 /* Assets.xcassets */; };
		597B155D271B95ED009332D5 /* LaunchScreen.storyboard in Resources */ = {isa = PBXBuildFile; fileRef = 597B1558271B95E7009332D5 /* LaunchScreen.storyboard */; };
		597B1566271BA0E9009332D5 /* Alamofire in Frameworks */ = {isa = PBXBuildFile; productRef = 597B1565271BA0E9009332D5 /* Alamofire */; };
		597B1571271BBD91009332D5 /* BaseViewController.swift in Sources */ = {isa = PBXBuildFile; fileRef = 597B156E271BBD91009332D5 /* BaseViewController.swift */; };
		597B1572271BBD91009332D5 /* BaseViewModel.swift in Sources */ = {isa = PBXBuildFile; fileRef = 597B156F271BBD91009332D5 /* BaseViewModel.swift */; };
		597B1573271BBD91009332D5 /* BaseNavigationController.swift in Sources */ = {isa = PBXBuildFile; fileRef = 597B1570271BBD91009332D5 /* BaseNavigationController.swift */; };
		597B1576271BBE47009332D5 /* Loaf in Frameworks */ = {isa = PBXBuildFile; productRef = 597B1575271BBE47009332D5 /* Loaf */; };
		597B1599271BCEB1009332D5 /* Localizable.strings in Resources */ = {isa = PBXBuildFile; fileRef = 597B1598271BCEB1009332D5 /* Localizable.strings */; };
		597B159D271BCEDE009332D5 /* ListViewController.xib in Resources */ = {isa = PBXBuildFile; fileRef = 597B159B271BCEDE009332D5 /* ListViewController.xib */; };
		597B159E271BCEDE009332D5 /* ListViewController.swift in Sources */ = {isa = PBXBuildFile; fileRef = 597B159C271BCEDE009332D5 /* ListViewController.swift */; };
		597B15A0271BCEFC009332D5 /* ListViewModel.swift in Sources */ = {isa = PBXBuildFile; fileRef = 597B159F271BCEFC009332D5 /* ListViewModel.swift */; };
		597B15A2271BCFB1009332D5 /* ListBuilder.swift in Sources */ = {isa = PBXBuildFile; fileRef = 597B15A1271BCFB1009332D5 /* ListBuilder.swift */; };
/* End PBXBuildFile section */

/* Begin PBXFileReference section */
		592C05772723AB8B00970B6D /* Common */ = {isa = PBXFileReference; lastKnownFileType = folder; name = Common; path = ../Common; sourceTree = "<group>"; };
		592C057C2723AEA200970B6D /* DIConfig.swift */ = {isa = PBXFileReference; fileEncoding = 4; lastKnownFileType = sourcecode.swift; path = DIConfig.swift; sourceTree = "<group>"; };
		592C05852723BAFA00970B6D /* Networker */ = {isa = PBXFileReference; lastKnownFileType = folder; name = Networker; path = ../Networker; sourceTree = "<group>"; };
		5973F5C8271E486000E10A33 /* ListInteractor.swift */ = {isa = PBXFileReference; lastKnownFileType = sourcecode.swift; path = ListInteractor.swift; sourceTree = "<group>"; };
		5973F5CB271E492300E10A33 /* ListCell.swift */ = {isa = PBXFileReference; lastKnownFileType = sourcecode.swift; path = ListCell.swift; sourceTree = "<group>"; };
		5973F5CC271E492300E10A33 /* ListCell.xib */ = {isa = PBXFileReference; lastKnownFileType = file.xib; path = ListCell.xib; sourceTree = "<group>"; };
		5973F5CF271E4B2F00E10A33 /* ListEntity.swift */ = {isa = PBXFileReference; lastKnownFileType = sourcecode.swift; path = ListEntity.swift; sourceTree = "<group>"; };
		5973F5DA271E663E00E10A33 /* ListResponse.swift */ = {isa = PBXFileReference; lastKnownFileType = sourcecode.swift; path = ListResponse.swift; sourceTree = "<group>"; };
		5973F5E2271F920400E10A33 /* DetailView.swift */ = {isa = PBXFileReference; lastKnownFileType = sourcecode.swift; path = DetailView.swift; sourceTree = "<group>"; };
		597B153F271B958B009332D5 /* iOSTemplate.app */ = {isa = PBXFileReference; explicitFileType = wrapper.application; includeInIndex = 0; path = iOSTemplate.app; sourceTree = BUILT_PRODUCTS_DIR; };
		597B1542271B958B009332D5 /* AppDelegate.swift */ = {isa = PBXFileReference; lastKnownFileType = sourcecode.swift; path = AppDelegate.swift; sourceTree = "<group>"; };
		597B1550271B958F009332D5 /* Info.plist */ = {isa = PBXFileReference; lastKnownFileType = text.plist.xml; path = Info.plist; sourceTree = "<group>"; };
		597B1557271B95E7009332D5 /* Assets.xcassets */ = {isa = PBXFileReference; lastKnownFileType = folder.assetcatalog; path = Assets.xcassets; sourceTree = "<group>"; };
		597B1559271B95E7009332D5 /* Base */ = {isa = PBXFileReference; lastKnownFileType = file.storyboard; name = Base; path = Base.lproj/LaunchScreen.storyboard; sourceTree = "<group>"; };
		597B156E271BBD91009332D5 /* BaseViewController.swift */ = {isa = PBXFileReference; fileEncoding = 4; lastKnownFileType = sourcecode.swift; path = BaseViewController.swift; sourceTree = "<group>"; };
		597B156F271BBD91009332D5 /* BaseViewModel.swift */ = {isa = PBXFileReference; fileEncoding = 4; lastKnownFileType = sourcecode.swift; path = BaseViewModel.swift; sourceTree = "<group>"; };
		597B1570271BBD91009332D5 /* BaseNavigationController.swift */ = {isa = PBXFileReference; fileEncoding = 4; lastKnownFileType = sourcecode.swift; path = BaseNavigationController.swift; sourceTree = "<group>"; };
		597B1598271BCEB1009332D5 /* Localizable.strings */ = {isa = PBXFileReference; lastKnownFileType = text.plist.strings; path = Localizable.strings; sourceTree = "<group>"; };
		597B159B271BCEDE009332D5 /* ListViewController.xib */ = {isa = PBXFileReference; fileEncoding = 4; lastKnownFileType = file.xib; path = ListViewController.xib; sourceTree = "<group>"; };
		597B159C271BCEDE009332D5 /* ListViewController.swift */ = {isa = PBXFileReference; fileEncoding = 4; lastKnownFileType = sourcecode.swift; path = ListViewController.swift; sourceTree = "<group>"; };
		597B159F271BCEFC009332D5 /* ListViewModel.swift */ = {isa = PBXFileReference; lastKnownFileType = sourcecode.swift; path = ListViewModel.swift; sourceTree = "<group>"; };
		597B15A1271BCFB1009332D5 /* ListBuilder.swift */ = {isa = PBXFileReference; lastKnownFileType = sourcecode.swift; path = ListBuilder.swift; sourceTree = "<group>"; };
/* End PBXFileReference section */

/* Begin PBXFrameworksBuildPhase section */
		597B153C271B958B009332D5 /* Frameworks */ = {
			isa = PBXFrameworksBuildPhase;
			buildActionMask = 2147483647;
			files = (
				597B1576271BBE47009332D5 /* Loaf in Frameworks */,
				59764CBA272CD5F2000606B4 /* NVActivityIndicatorViewExtended in Frameworks */,
				5973F5D5271E5AC900E10A33 /* Swinject in Frameworks */,
				59764CB8272CD5F2000606B4 /* NVActivityIndicatorView in Frameworks */,
				592C05872723BB1700970B6D /* Networker in Frameworks */,
				597B1566271BA0E9009332D5 /* Alamofire in Frameworks */,
				5973F5DE271E8BC200E10A33 /* AlamofireImage in Frameworks */,
				592C05832723B6B400970B6D /* Common in Frameworks */,
			);
			runOnlyForDeploymentPostprocessing = 0;
		};
/* End PBXFrameworksBuildPhase section */

/* Begin PBXGroup section */
		592C05762723AB8B00970B6D /* Packages */ = {
			isa = PBXGroup;
			children = (
				592C05772723AB8B00970B6D /* Common */,
				592C05852723BAFA00970B6D /* Networker */,
			);
			name = Packages;
			sourceTree = "<group>";
		};
		592C05782723AC4200970B6D /* Frameworks */ = {
			isa = PBXGroup;
			children = (
			);
			name = Frameworks;
			sourceTree = "<group>";
		};
		592C057B2723AE9C00970B6D /* DI */ = {
			isa = PBXGroup;
			children = (
				592C057C2723AEA200970B6D /* DIConfig.swift */,
			);
			path = DI;
			sourceTree = "<group>";
		};
		5973F5CA271E490B00E10A33 /* Cells */ = {
			isa = PBXGroup;
			children = (
				5973F5CB271E492300E10A33 /* ListCell.swift */,
				5973F5CC271E492300E10A33 /* ListCell.xib */,
			);
			path = Cells;
			sourceTree = "<group>";
		};
		5973F5E1271F91F700E10A33 /* Detail */ = {
			isa = PBXGroup;
			children = (
				5973F5E2271F920400E10A33 /* DetailView.swift */,
			);
			path = Detail;
			sourceTree = "<group>";
		};
		597B1536271B958B009332D5 = {
			isa = PBXGroup;
			children = (
				597B1541271B958B009332D5 /* iOSTemplate */,
				592C05762723AB8B00970B6D /* Packages */,
				597B1540271B958B009332D5 /* Products */,
				592C05782723AC4200970B6D /* Frameworks */,
			);
			sourceTree = "<group>";
		};
		597B1540271B958B009332D5 /* Products */ = {
			isa = PBXGroup;
			children = (
				597B153F271B958B009332D5 /* iOSTemplate.app */,
			);
			name = Products;
			sourceTree = "<group>";
		};
		597B1541271B958B009332D5 /* iOSTemplate */ = {
			isa = PBXGroup;
			children = (
				597B1550271B958F009332D5 /* Info.plist */,
				597B1542271B958B009332D5 /* AppDelegate.swift */,
				592C057B2723AE9C00970B6D /* DI */,
				597B1561271B9650009332D5 /* Data */,
				597B1563271B9650009332D5 /* UI */,
				597B1556271B95E7009332D5 /* Resources */,
			);
			path = iOSTemplate;
			sourceTree = "<group>";
		};
		597B1556271B95E7009332D5 /* Resources */ = {
			isa = PBXGroup;
			children = (
				597B1557271B95E7009332D5 /* Assets.xcassets */,
				597B1598271BCEB1009332D5 /* Localizable.strings */,
				597B1558271B95E7009332D5 /* LaunchScreen.storyboard */,
			);
			path = Resources;
			sourceTree = "<group>";
		};
		597B1561271B9650009332D5 /* Data */ = {
			isa = PBXGroup;
			children = (
				5973F5CF271E4B2F00E10A33 /* ListEntity.swift */,
				5973F5DA271E663E00E10A33 /* ListResponse.swift */,
			);
			path = Data;
			sourceTree = "<group>";
		};
		597B1563271B9650009332D5 /* UI */ = {
			isa = PBXGroup;
			children = (
				597B156D271BBD91009332D5 /* Base */,
				597B159A271BCEDE009332D5 /* List */,
				5973F5E1271F91F700E10A33 /* Detail */,
			);
			path = UI;
			sourceTree = "<group>";
		};
		597B156D271BBD91009332D5 /* Base */ = {
			isa = PBXGroup;
			children = (
				597B156E271BBD91009332D5 /* BaseViewController.swift */,
				597B156F271BBD91009332D5 /* BaseViewModel.swift */,
				597B1570271BBD91009332D5 /* BaseNavigationController.swift */,
			);
			path = Base;
			sourceTree = "<group>";
		};
		597B159A271BCEDE009332D5 /* List */ = {
			isa = PBXGroup;
			children = (
				597B15A1271BCFB1009332D5 /* ListBuilder.swift */,
				5973F5C8271E486000E10A33 /* ListInteractor.swift */,
				597B159F271BCEFC009332D5 /* ListViewModel.swift */,
				5973F5CA271E490B00E10A33 /* Cells */,
				597B159C271BCEDE009332D5 /* ListViewController.swift */,
				597B159B271BCEDE009332D5 /* ListViewController.xib */,
			);
			path = List;
			sourceTree = "<group>";
		};
/* End PBXGroup section */

/* Begin PBXNativeTarget section */
		597B153E271B958B009332D5 /* iOSTemplate */ = {
			isa = PBXNativeTarget;
			buildConfigurationList = 597B1553271B958F009332D5 /* Build configuration list for PBXNativeTarget "iOSTemplate" */;
			buildPhases = (
				597B153B271B958B009332D5 /* Sources */,
				597B153C271B958B009332D5 /* Frameworks */,
				597B153D271B958B009332D5 /* Resources */,
			);
			buildRules = (
			);
			dependencies = (
			);
			name = iOSTemplate;
			packageProductDependencies = (
				597B1565271BA0E9009332D5 /* Alamofire */,
				597B1575271BBE47009332D5 /* Loaf */,
				5973F5D4271E5AC900E10A33 /* Swinject */,
				5973F5DD271E8BC200E10A33 /* AlamofireImage */,
				592C05822723B6B400970B6D /* Common */,
				592C05862723BB1700970B6D /* Networker */,
				59764CB7272CD5F2000606B4 /* NVActivityIndicatorView */,
				59764CB9272CD5F2000606B4 /* NVActivityIndicatorViewExtended */,
			);
			productName = iOSTemplate;
			productReference = 597B153F271B958B009332D5 /* iOSTemplate.app */;
			productType = "com.apple.product-type.application";
		};
/* End PBXNativeTarget section */

/* Begin PBXProject section */
		597B1537271B958B009332D5 /* Project object */ = {
			isa = PBXProject;
			attributes = {
				BuildIndependentTargetsInParallel = 1;
				LastSwiftUpdateCheck = 1300;
				LastUpgradeCheck = 1300;
				TargetAttributes = {
					597B153E271B958B009332D5 = {
						CreatedOnToolsVersion = 13.0;
					};
				};
			};
			buildConfigurationList = 597B153A271B958B009332D5 /* Build configuration list for PBXProject "iOSTemplate" */;
			compatibilityVersion = "Xcode 13.0";
			developmentRegion = en;
			hasScannedForEncodings = 0;
			knownRegions = (
				en,
				Base,
			);
			mainGroup = 597B1536271B958B009332D5;
			packageReferences = (
				597B1564271BA0E9009332D5 /* XCRemoteSwiftPackageReference "Alamofire" */,
				597B1574271BBE47009332D5 /* XCRemoteSwiftPackageReference "Loaf" */,
				5973F5D3271E5AC900E10A33 /* XCRemoteSwiftPackageReference "Swinject" */,
				5973F5DC271E8BC200E10A33 /* XCRemoteSwiftPackageReference "AlamofireImage" */,
				59764CB6272CD5F2000606B4 /* XCRemoteSwiftPackageReference "NVActivityIndicatorView" */,
			);
			productRefGroup = 597B1540271B958B009332D5 /* Products */;
			projectDirPath = "";
			projectRoot = "";
			targets = (
				597B153E271B958B009332D5 /* iOSTemplate */,
			);
		};
/* End PBXProject section */

/* Begin PBXResourcesBuildPhase section */
		597B153D271B958B009332D5 /* Resources */ = {
			isa = PBXResourcesBuildPhase;
			buildActionMask = 2147483647;
			files = (
				597B155C271B95ED009332D5 /* Assets.xcassets in Resources */,
				597B1599271BCEB1009332D5 /* Localizable.strings in Resources */,
				597B159D271BCEDE009332D5 /* ListViewController.xib in Resources */,
				597B155D271B95ED009332D5 /* LaunchScreen.storyboard in Resources */,
				5973F5CE271E492300E10A33 /* ListCell.xib in Resources */,
			);
			runOnlyForDeploymentPostprocessing = 0;
		};
/* End PBXResourcesBuildPhase section */

/* Begin PBXSourcesBuildPhase section */
		597B153B271B958B009332D5 /* Sources */ = {
			isa = PBXSourcesBuildPhase;
			buildActionMask = 2147483647;
			files = (
				597B1571271BBD91009332D5 /* BaseViewController.swift in Sources */,
				597B1573271BBD91009332D5 /* BaseNavigationController.swift in Sources */,
				597B15A0271BCEFC009332D5 /* ListViewModel.swift in Sources */,
				5973F5E3271F920400E10A33 /* DetailView.swift in Sources */,
				5973F5D0271E4B2F00E10A33 /* ListEntity.swift in Sources */,
				5973F5DB271E663E00E10A33 /* ListResponse.swift in Sources */,
				597B1543271B958B009332D5 /* AppDelegate.swift in Sources */,
				5973F5CD271E492300E10A33 /* ListCell.swift in Sources */,
				5973F5C9271E486000E10A33 /* ListInteractor.swift in Sources */,
				597B15A2271BCFB1009332D5 /* ListBuilder.swift in Sources */,
				592C057D2723AEA200970B6D /* DIConfig.swift in Sources */,
				597B159E271BCEDE009332D5 /* ListViewController.swift in Sources */,
				597B1572271BBD91009332D5 /* BaseViewModel.swift in Sources */,
			);
			runOnlyForDeploymentPostprocessing = 0;
		};
/* End PBXSourcesBuildPhase section */

/* Begin PBXVariantGroup section */
		597B1558271B95E7009332D5 /* LaunchScreen.storyboard */ = {
			isa = PBXVariantGroup;
			children = (
				597B1559271B95E7009332D5 /* Base */,
			);
			name = LaunchScreen.storyboard;
			sourceTree = "<group>";
		};
/* End PBXVariantGroup section */

/* Begin XCBuildConfiguration section */
		597B1551271B958F009332D5 /* Debug */ = {
			isa = XCBuildConfiguration;
			buildSettings = {
				ALWAYS_SEARCH_USER_PATHS = NO;
				CLANG_ANALYZER_NONNULL = YES;
				CLANG_ANALYZER_NUMBER_OBJECT_CONVERSION = YES_AGGRESSIVE;
				CLANG_CXX_LANGUAGE_STANDARD = "gnu++17";
				CLANG_CXX_LIBRARY = "libc++";
				CLANG_ENABLE_MODULES = YES;
				CLANG_ENABLE_OBJC_ARC = YES;
				CLANG_ENABLE_OBJC_WEAK = YES;
				CLANG_WARN_BLOCK_CAPTURE_AUTORELEASING = YES;
				CLANG_WARN_BOOL_CONVERSION = YES;
				CLANG_WARN_COMMA = YES;
				CLANG_WARN_CONSTANT_CONVERSION = YES;
				CLANG_WARN_DEPRECATED_OBJC_IMPLEMENTATIONS = YES;
				CLANG_WARN_DIRECT_OBJC_ISA_USAGE = YES_ERROR;
				CLANG_WARN_DOCUMENTATION_COMMENTS = YES;
				CLANG_WARN_EMPTY_BODY = YES;
				CLANG_WARN_ENUM_CONVERSION = YES;
				CLANG_WARN_INFINITE_RECURSION = YES;
				CLANG_WARN_INT_CONVERSION = YES;
				CLANG_WARN_NON_LITERAL_NULL_CONVERSION = YES;
				CLANG_WARN_OBJC_IMPLICIT_RETAIN_SELF = YES;
				CLANG_WARN_OBJC_LITERAL_CONVERSION = YES;
				CLANG_WARN_OBJC_ROOT_CLASS = YES_ERROR;
				CLANG_WARN_QUOTED_INCLUDE_IN_FRAMEWORK_HEADER = YES;
				CLANG_WARN_RANGE_LOOP_ANALYSIS = YES;
				CLANG_WARN_STRICT_PROTOTYPES = YES;
				CLANG_WARN_SUSPICIOUS_MOVE = YES;
				CLANG_WARN_UNGUARDED_AVAILABILITY = YES_AGGRESSIVE;
				CLANG_WARN_UNREACHABLE_CODE = YES;
				CLANG_WARN__DUPLICATE_METHOD_MATCH = YES;
				COPY_PHASE_STRIP = NO;
				DEBUG_INFORMATION_FORMAT = dwarf;
				ENABLE_STRICT_OBJC_MSGSEND = YES;
				ENABLE_TESTABILITY = YES;
				GCC_C_LANGUAGE_STANDARD = gnu11;
				GCC_DYNAMIC_NO_PIC = NO;
				GCC_NO_COMMON_BLOCKS = YES;
				GCC_OPTIMIZATION_LEVEL = 0;
				GCC_PREPROCESSOR_DEFINITIONS = (
					"DEBUG=1",
					"$(inherited)",
				);
				GCC_WARN_64_TO_32_BIT_CONVERSION = YES;
				GCC_WARN_ABOUT_RETURN_TYPE = YES_ERROR;
				GCC_WARN_UNDECLARED_SELECTOR = YES;
				GCC_WARN_UNINITIALIZED_AUTOS = YES_AGGRESSIVE;
				GCC_WARN_UNUSED_FUNCTION = YES;
				GCC_WARN_UNUSED_VARIABLE = YES;
				IPHONEOS_DEPLOYMENT_TARGET = 13.0;
				MTL_ENABLE_DEBUG_INFO = INCLUDE_SOURCE;
				MTL_FAST_MATH = YES;
				ONLY_ACTIVE_ARCH = YES;
				SDKROOT = iphoneos;
				SWIFT_ACTIVE_COMPILATION_CONDITIONS = DEBUG;
				SWIFT_OPTIMIZATION_LEVEL = "-Onone";
			};
			name = Debug;
		};
		597B1552271B958F009332D5 /* Release */ = {
			isa = XCBuildConfiguration;
			buildSettings = {
				ALWAYS_SEARCH_USER_PATHS = NO;
				CLANG_ANALYZER_NONNULL = YES;
				CLANG_ANALYZER_NUMBER_OBJECT_CONVERSION = YES_AGGRESSIVE;
				CLANG_CXX_LANGUAGE_STANDARD = "gnu++17";
				CLANG_CXX_LIBRARY = "libc++";
				CLANG_ENABLE_MODULES = YES;
				CLANG_ENABLE_OBJC_ARC = YES;
				CLANG_ENABLE_OBJC_WEAK = YES;
				CLANG_WARN_BLOCK_CAPTURE_AUTORELEASING = YES;
				CLANG_WARN_BOOL_CONVERSION = YES;
				CLANG_WARN_COMMA = YES;
				CLANG_WARN_CONSTANT_CONVERSION = YES;
				CLANG_WARN_DEPRECATED_OBJC_IMPLEMENTATIONS = YES;
				CLANG_WARN_DIRECT_OBJC_ISA_USAGE = YES_ERROR;
				CLANG_WARN_DOCUMENTATION_COMMENTS = YES;
				CLANG_WARN_EMPTY_BODY = YES;
				CLANG_WARN_ENUM_CONVERSION = YES;
				CLANG_WARN_INFINITE_RECURSION = YES;
				CLANG_WARN_INT_CONVERSION = YES;
				CLANG_WARN_NON_LITERAL_NULL_CONVERSION = YES;
				CLANG_WARN_OBJC_IMPLICIT_RETAIN_SELF = YES;
				CLANG_WARN_OBJC_LITERAL_CONVERSION = YES;
				CLANG_WARN_OBJC_ROOT_CLASS = YES_ERROR;
				CLANG_WARN_QUOTED_INCLUDE_IN_FRAMEWORK_HEADER = YES;
				CLANG_WARN_RANGE_LOOP_ANALYSIS = YES;
				CLANG_WARN_STRICT_PROTOTYPES = YES;
				CLANG_WARN_SUSPICIOUS_MOVE = YES;
				CLANG_WARN_UNGUARDED_AVAILABILITY = YES_AGGRESSIVE;
				CLANG_WARN_UNREACHABLE_CODE = YES;
				CLANG_WARN__DUPLICATE_METHOD_MATCH = YES;
				COPY_PHASE_STRIP = NO;
				DEBUG_INFORMATION_FORMAT = "dwarf-with-dsym";
				ENABLE_NS_ASSERTIONS = NO;
				ENABLE_STRICT_OBJC_MSGSEND = YES;
				GCC_C_LANGUAGE_STANDARD = gnu11;
				GCC_NO_COMMON_BLOCKS = YES;
				GCC_WARN_64_TO_32_BIT_CONVERSION = YES;
				GCC_WARN_ABOUT_RETURN_TYPE = YES_ERROR;
				GCC_WARN_UNDECLARED_SELECTOR = YES;
				GCC_WARN_UNINITIALIZED_AUTOS = YES_AGGRESSIVE;
				GCC_WARN_UNUSED_FUNCTION = YES;
				GCC_WARN_UNUSED_VARIABLE = YES;
				IPHONEOS_DEPLOYMENT_TARGET = 13.0;
				MTL_ENABLE_DEBUG_INFO = NO;
				MTL_FAST_MATH = YES;
				SDKROOT = iphoneos;
				SWIFT_COMPILATION_MODE = wholemodule;
				SWIFT_OPTIMIZATION_LEVEL = "-O";
				VALIDATE_PRODUCT = YES;
			};
			name = Release;
		};
		597B1554271B958F009332D5 /* Debug */ = {
			isa = XCBuildConfiguration;
			buildSettings = {
				ASSETCATALOG_COMPILER_APPICON_NAME = AppIcon;
				ASSETCATALOG_COMPILER_GLOBAL_ACCENT_COLOR_NAME = AccentColor;
				CODE_SIGN_STYLE = Automatic;
				CURRENT_PROJECT_VERSION = 1;
				DEVELOPMENT_TEAM = 98ZR4W8N62;
				GENERATE_INFOPLIST_FILE = YES;
				INFOPLIST_FILE = iOSTemplate/Info.plist;
				INFOPLIST_KEY_UIApplicationSupportsIndirectInputEvents = YES;
				INFOPLIST_KEY_UILaunchStoryboardName = LaunchScreen;
				INFOPLIST_KEY_UISupportedInterfaceOrientations = UIInterfaceOrientationPortrait;
				INFOPLIST_KEY_UISupportedInterfaceOrientations_iPad = "UIInterfaceOrientationPortrait UIInterfaceOrientationPortraitUpsideDown UIInterfaceOrientationLandscapeLeft UIInterfaceOrientationLandscapeRight";
				INFOPLIST_KEY_UISupportedInterfaceOrientations_iPhone = "UIInterfaceOrientationPortrait UIInterfaceOrientationLandscapeLeft UIInterfaceOrientationLandscapeRight";
				IPHONEOS_DEPLOYMENT_TARGET = 13.0;
				LD_RUNPATH_SEARCH_PATHS = (
					"$(inherited)",
					"@executable_path/Frameworks",
				);
				MARKETING_VERSION = 1.0.0;
				PRODUCT_BUNDLE_IDENTIFIER = Johnnie.iOSTemplate;
				PRODUCT_NAME = "$(TARGET_NAME)";
				SWIFT_EMIT_LOC_STRINGS = YES;
				SWIFT_VERSION = 5.0;
				TARGETED_DEVICE_FAMILY = "1,2";
			};
			name = Debug;
		};
		597B1555271B958F009332D5 /* Release */ = {
			isa = XCBuildConfiguration;
			buildSettings = {
				ASSETCATALOG_COMPILER_APPICON_NAME = AppIcon;
				ASSETCATALOG_COMPILER_GLOBAL_ACCENT_COLOR_NAME = AccentColor;
				CODE_SIGN_STYLE = Automatic;
				CURRENT_PROJECT_VERSION = 1;
				DEVELOPMENT_TEAM = 98ZR4W8N62;
				GENERATE_INFOPLIST_FILE = YES;
				INFOPLIST_FILE = iOSTemplate/Info.plist;
				INFOPLIST_KEY_UIApplicationSupportsIndirectInputEvents = YES;
				INFOPLIST_KEY_UILaunchStoryboardName = LaunchScreen;
				INFOPLIST_KEY_UISupportedInterfaceOrientations = UIInterfaceOrientationPortrait;
				INFOPLIST_KEY_UISupportedInterfaceOrientations_iPad = "UIInterfaceOrientationPortrait UIInterfaceOrientationPortraitUpsideDown UIInterfaceOrientationLandscapeLeft UIInterfaceOrientationLandscapeRight";
				INFOPLIST_KEY_UISupportedInterfaceOrientations_iPhone = "UIInterfaceOrientationPortrait UIInterfaceOrientationLandscapeLeft UIInterfaceOrientationLandscapeRight";
				IPHONEOS_DEPLOYMENT_TARGET = 13.0;
				LD_RUNPATH_SEARCH_PATHS = (
					"$(inherited)",
					"@executable_path/Frameworks",
				);
				MARKETING_VERSION = 1.0.0;
				PRODUCT_BUNDLE_IDENTIFIER = Johnnie.iOSTemplate;
				PRODUCT_NAME = "$(TARGET_NAME)";
				SWIFT_EMIT_LOC_STRINGS = YES;
				SWIFT_VERSION = 5.0;
				TARGETED_DEVICE_FAMILY = "1,2";
			};
			name = Release;
		};
/* End XCBuildConfiguration section */

/* Begin XCConfigurationList section */
		597B153A271B958B009332D5 /* Build configuration list for PBXProject "iOSTemplate" */ = {
			isa = XCConfigurationList;
			buildConfigurations = (
				597B1551271B958F009332D5 /* Debug */,
				597B1552271B958F009332D5 /* Release */,
			);
			defaultConfigurationIsVisible = 0;
			defaultConfigurationName = Release;
		};
		597B1553271B958F009332D5 /* Build configuration list for PBXNativeTarget "iOSTemplate" */ = {
			isa = XCConfigurationList;
			buildConfigurations = (
				597B1554271B958F009332D5 /* Debug */,
				597B1555271B958F009332D5 /* Release */,
			);
			defaultConfigurationIsVisible = 0;
			defaultConfigurationName = Release;
		};
/* End XCConfigurationList section */

/* Begin XCRemoteSwiftPackageReference section */
		5973F5D3271E5AC900E10A33 /* XCRemoteSwiftPackageReference "Swinject" */ = {
			isa = XCRemoteSwiftPackageReference;
			repositoryURL = "https://github.com/Swinject/Swinject.git";
			requirement = {
				kind = upToNextMajorVersion;
				minimumVersion = 2.8.1;
			};
		};
		5973F5DC271E8BC200E10A33 /* XCRemoteSwiftPackageReference "AlamofireImage" */ = {
			isa = XCRemoteSwiftPackageReference;
			repositoryURL = "https://github.com/Alamofire/AlamofireImage.git";
			requirement = {
				kind = upToNextMajorVersion;
				minimumVersion = 4.2.0;
			};
		};
		59764CB6272CD5F2000606B4 /* XCRemoteSwiftPackageReference "NVActivityIndicatorView" */ = {
			isa = XCRemoteSwiftPackageReference;
			repositoryURL = "https://github.com/ninjaprox/NVActivityIndicatorView.git";
			requirement = {
				kind = upToNextMajorVersion;
				minimumVersion = 5.1.1;
			};
		};
		597B1564271BA0E9009332D5 /* XCRemoteSwiftPackageReference "Alamofire" */ = {
			isa = XCRemoteSwiftPackageReference;
			repositoryURL = "https://github.com/Alamofire/Alamofire.git";
			requirement = {
				kind = upToNextMajorVersion;
				minimumVersion = 5.4.0;
			};
		};
		597B1574271BBE47009332D5 /* XCRemoteSwiftPackageReference "Loaf" */ = {
			isa = XCRemoteSwiftPackageReference;
			repositoryURL = "https://github.com/schmidyy/Loaf";
			requirement = {
				kind = upToNextMajorVersion;
				minimumVersion = 0.7.0;
			};
		};
/* End XCRemoteSwiftPackageReference section */

/* Begin XCSwiftPackageProductDependency section */
		592C05822723B6B400970B6D /* Common */ = {
			isa = XCSwiftPackageProductDependency;
			productName = Common;
		};
		592C05862723BB1700970B6D /* Networker */ = {
			isa = XCSwiftPackageProductDependency;
			productName = Networker;
		};
		5973F5D4271E5AC900E10A33 /* Swinject */ = {
			isa = XCSwiftPackageProductDependency;
			package = 5973F5D3271E5AC900E10A33 /* XCRemoteSwiftPackageReference "Swinject" */;
			productName = Swinject;
		};
		5973F5DD271E8BC200E10A33 /* AlamofireImage */ = {
			isa = XCSwiftPackageProductDependency;
			package = 5973F5DC271E8BC200E10A33 /* XCRemoteSwiftPackageReference "AlamofireImage" */;
			productName = AlamofireImage;
		};
		59764CB7272CD5F2000606B4 /* NVActivityIndicatorView */ = {
			isa = XCSwiftPackageProductDependency;
			package = 59764CB6272CD5F2000606B4 /* XCRemoteSwiftPackageReference "NVActivityIndicatorView" */;
			productName = NVActivityIndicatorView;
		};
		59764CB9272CD5F2000606B4 /* NVActivityIndicatorViewExtended */ = {
			isa = XCSwiftPackageProductDependency;
			package = 59764CB6272CD5F2000606B4 /* XCRemoteSwiftPackageReference "NVActivityIndicatorView" */;
			productName = NVActivityIndicatorViewExtended;
		};
		597B1565271BA0E9009332D5 /* Alamofire */ = {
			isa = XCSwiftPackageProductDependency;
			package = 597B1564271BA0E9009332D5 /* XCRemoteSwiftPackageReference "Alamofire" */;
			productName = Alamofire;
		};
		597B1575271BBE47009332D5 /* Loaf */ = {
			isa = XCSwiftPackageProductDependency;
			package = 597B1574271BBE47009332D5 /* XCRemoteSwiftPackageReference "Loaf" */;
			productName = Loaf;
		};
/* End XCSwiftPackageProductDependency section */
	};
	rootObject = 597B1537271B958B009332D5 /* Project object */;
}
