// !$*UTF8*$!
{
	archiveVersion = 1;
	classes = {
	};
	objectVersion = 55;
	objects = {

/* Begin PBXBuildFile section */
		592C05362723A62900970B6D /* iOSTemplateSwiftUIApp.swift in Sources */ = {isa = PBXBuildFile; fileRef = 592C05352723A62900970B6D /* iOSTemplateSwiftUIApp.swift */; };
		592C053A2723A62C00970B6D /* Assets.xcassets in Resources */ = {isa = PBXBuildFile; fileRef = 592C05392723A62C00970B6D /* Assets.xcassets */; };
		592C053D2723A62C00970B6D /* Preview Assets.xcassets in Resources */ = {isa = PBXBuildFile; fileRef = 592C053C2723A62C00970B6D /* Preview Assets.xcassets */; };
		592C05472723A62D00970B6D /* iOSTemplateSwiftUITests.swift in Sources */ = {isa = PBXBuildFile; fileRef = 592C05462723A62D00970B6D /* iOSTemplateSwiftUITests.swift */; };
		592C05512723A62D00970B6D /* iOSTemplateSwiftUIUITests.swift in Sources */ = {isa = PBXBuildFile; fileRef = 592C05502723A62D00970B6D /* iOSTemplateSwiftUIUITests.swift */; };
		592C05532723A62D00970B6D /* iOSTemplateSwiftUIUITestsLaunchTests.swift in Sources */ = {isa = PBXBuildFile; fileRef = 592C05522723A62D00970B6D /* iOSTemplateSwiftUIUITestsLaunchTests.swift */; };
		592C05612723A7F300970B6D /* Alamofire in Frameworks */ = {isa = PBXBuildFile; productRef = 592C05602723A7F300970B6D /* Alamofire */; };
		592C05712723A86D00970B6D /* AlamofireImage in Frameworks */ = {isa = PBXBuildFile; productRef = 592C05702723A86D00970B6D /* AlamofireImage */; };
		59764C94272CC6DC000606B4 /* DIConfig.swift in Sources */ = {isa = PBXBuildFile; fileRef = 59764C93272CC6DC000606B4 /* DIConfig.swift */; };
		59764C9A272CC861000606B4 /* Swinject in Frameworks */ = {isa = PBXBuildFile; productRef = 59764C99272CC861000606B4 /* Swinject */; };
		59764CA4272CC9D0000606B4 /* Common in Frameworks */ = {isa = PBXBuildFile; productRef = 59764CA3272CC9D0000606B4 /* Common */; };
		59764CA6272CC9D0000606B4 /* Networker in Frameworks */ = {isa = PBXBuildFile; productRef = 59764CA5272CC9D0000606B4 /* Networker */; };
		59764CA9272CCDD6000606B4 /* ListView.swift in Sources */ = {isa = PBXBuildFile; fileRef = 59764CA8272CCDD6000606B4 /* ListView.swift */; };
		59764CAB272CCDE1000606B4 /* ListViewModel.swift in Sources */ = {isa = PBXBuildFile; fileRef = 59764CAA272CCDE1000606B4 /* ListViewModel.swift */; };
		59764CAD272CCE23000606B4 /* BaseViewModel.swift in Sources */ = {isa = PBXBuildFile; fileRef = 59764CAC272CCE23000606B4 /* BaseViewModel.swift */; };
		59764CC0272CD947000606B4 /* NVActivityIndicatorView in Frameworks */ = {isa = PBXBuildFile; productRef = 59764CBF272CD947000606B4 /* NVActivityIndicatorView */; };
		59764CC2272CD947000606B4 /* NVActivityIndicatorViewExtended in Frameworks */ = {isa = PBXBuildFile; productRef = 59764CC1272CD947000606B4 /* NVActivityIndicatorViewExtended */; };
		59764CC7272CE508000606B4 /* Localizable.strings in Resources */ = {isa = PBXBuildFile; fileRef = 59764CC6272CE508000606B4 /* Localizable.strings */; };
		59764CCA272CEE5C000606B4 /* AlertToast in Frameworks */ = {isa = PBXBuildFile; productRef = 59764CC9272CEE5C000606B4 /* AlertToast */; };
		59764CD9272F8CFA000606B4 /* OnLoadingModifier.swift in Sources */ = {isa = PBXBuildFile; fileRef = 59764CD5272F8CFA000606B4 /* OnLoadingModifier.swift */; };
		59764CDA272F8CFA000606B4 /* OnErrorModifier.swift in Sources */ = {isa = PBXBuildFile; fileRef = 59764CD6272F8CFA000606B4 /* OnErrorModifier.swift */; };
		59764CDB272F8CFA000606B4 /* LoadingView.swift in Sources */ = {isa = PBXBuildFile; fileRef = 59764CD8272F8CFA000606B4 /* LoadingView.swift */; };
/* End PBXBuildFile section */

/* Begin PBXContainerItemProxy section */
		592C05432723A62D00970B6D /* PBXContainerItemProxy */ = {
			isa = PBXContainerItemProxy;
			containerPortal = 592C052A2723A62900970B6D /* Project object */;
			proxyType = 1;
			remoteGlobalIDString = 592C05312723A62900970B6D;
			remoteInfo = iOSTemplateSwiftUI;
		};
		592C054D2723A62D00970B6D /* PBXContainerItemProxy */ = {
			isa = PBXContainerItemProxy;
			containerPortal = 592C052A2723A62900970B6D /* Project object */;
			proxyType = 1;
			remoteGlobalIDString = 592C05312723A62900970B6D;
			remoteInfo = iOSTemplateSwiftUI;
		};
/* End PBXContainerItemProxy section */

/* Begin PBXFileReference section */
		592C05322723A62900970B6D /* iOSTemplateSwiftUI.app */ = {isa = PBXFileReference; explicitFileType = wrapper.application; includeInIndex = 0; path = iOSTemplateSwiftUI.app; sourceTree = BUILT_PRODUCTS_DIR; };
		592C05352723A62900970B6D /* iOSTemplateSwiftUIApp.swift */ = {isa = PBXFileReference; lastKnownFileType = sourcecode.swift; path = iOSTemplateSwiftUIApp.swift; sourceTree = "<group>"; };
		592C05392723A62C00970B6D /* Assets.xcassets */ = {isa = PBXFileReference; lastKnownFileType = folder.assetcatalog; path = Assets.xcassets; sourceTree = "<group>"; };
		592C053C2723A62C00970B6D /* Preview Assets.xcassets */ = {isa = PBXFileReference; lastKnownFileType = folder.assetcatalog; path = "Preview Assets.xcassets"; sourceTree = "<group>"; };
		592C05422723A62D00970B6D /* iOSTemplateSwiftUITests.xctest */ = {isa = PBXFileReference; explicitFileType = wrapper.cfbundle; includeInIndex = 0; path = iOSTemplateSwiftUITests.xctest; sourceTree = BUILT_PRODUCTS_DIR; };
		592C05462723A62D00970B6D /* iOSTemplateSwiftUITests.swift */ = {isa = PBXFileReference; lastKnownFileType = sourcecode.swift; path = iOSTemplateSwiftUITests.swift; sourceTree = "<group>"; };
		592C054C2723A62D00970B6D /* iOSTemplateSwiftUIUITests.xctest */ = {isa = PBXFileReference; explicitFileType = wrapper.cfbundle; includeInIndex = 0; path = iOSTemplateSwiftUIUITests.xctest; sourceTree = BUILT_PRODUCTS_DIR; };
		592C05502723A62D00970B6D /* iOSTemplateSwiftUIUITests.swift */ = {isa = PBXFileReference; lastKnownFileType = sourcecode.swift; path = iOSTemplateSwiftUIUITests.swift; sourceTree = "<group>"; };
		592C05522723A62D00970B6D /* iOSTemplateSwiftUIUITestsLaunchTests.swift */ = {isa = PBXFileReference; lastKnownFileType = sourcecode.swift; path = iOSTemplateSwiftUIUITestsLaunchTests.swift; sourceTree = "<group>"; };
		59764C93272CC6DC000606B4 /* DIConfig.swift */ = {isa = PBXFileReference; lastKnownFileType = sourcecode.swift; path = DIConfig.swift; sourceTree = "<group>"; };
		59764CA1272CC99C000606B4 /* Common */ = {isa = PBXFileReference; lastKnownFileType = folder; name = Common; path = ../Common; sourceTree = "<group>"; };
		59764CA2272CC9A4000606B4 /* Networker */ = {isa = PBXFileReference; lastKnownFileType = folder; name = Networker; path = ../Networker; sourceTree = "<group>"; };
		59764CA8272CCDD6000606B4 /* ListView.swift */ = {isa = PBXFileReference; fileEncoding = 4; lastKnownFileType = sourcecode.swift; path = ListView.swift; sourceTree = "<group>"; };
		59764CAA272CCDE1000606B4 /* ListViewModel.swift */ = {isa = PBXFileReference; lastKnownFileType = sourcecode.swift; path = ListViewModel.swift; sourceTree = "<group>"; };
		59764CAC272CCE23000606B4 /* BaseViewModel.swift */ = {isa = PBXFileReference; lastKnownFileType = sourcecode.swift; path = BaseViewModel.swift; sourceTree = "<group>"; };
		59764CC6272CE508000606B4 /* Localizable.strings */ = {isa = PBXFileReference; lastKnownFileType = text.plist.strings; path = Localizable.strings; sourceTree = "<group>"; };
		59764CD5272F8CFA000606B4 /* OnLoadingModifier.swift */ = {isa = PBXFileReference; fileEncoding = 4; lastKnownFileType = sourcecode.swift; path = OnLoadingModifier.swift; sourceTree = "<group>"; };
		59764CD6272F8CFA000606B4 /* OnErrorModifier.swift */ = {isa = PBXFileReference; fileEncoding = 4; lastKnownFileType = sourcecode.swift; path = OnErrorModifier.swift; sourceTree = "<group>"; };
		59764CD8272F8CFA000606B4 /* LoadingView.swift */ = {isa = PBXFileReference; fileEncoding = 4; lastKnownFileType = sourcecode.swift; path = LoadingView.swift; sourceTree = "<group>"; };
/* End PBXFileReference section */

/* Begin PBXFrameworksBuildPhase section */
		592C052F2723A62900970B6D /* Frameworks */ = {
			isa = PBXFrameworksBuildPhase;
			buildActionMask = 2147483647;
			files = (
				59764CC2272CD947000606B4 /* NVActivityIndicatorViewExtended in Frameworks */,
				59764CA6272CC9D0000606B4 /* Networker in Frameworks */,
				59764CC0272CD947000606B4 /* NVActivityIndicatorView in Frameworks */,
				592C05612723A7F300970B6D /* Alamofire in Frameworks */,
				59764CA4272CC9D0000606B4 /* Common in Frameworks */,
				59764CCA272CEE5C000606B4 /* AlertToast in Frameworks */,
				592C05712723A86D00970B6D /* AlamofireImage in Frameworks */,
				59764C9A272CC861000606B4 /* Swinject in Frameworks */,
			);
			runOnlyForDeploymentPostprocessing = 0;
		};
		592C053F2723A62D00970B6D /* Frameworks */ = {
			isa = PBXFrameworksBuildPhase;
			buildActionMask = 2147483647;
			files = (
			);
			runOnlyForDeploymentPostprocessing = 0;
		};
		592C05492723A62D00970B6D /* Frameworks */ = {
			isa = PBXFrameworksBuildPhase;
			buildActionMask = 2147483647;
			files = (
			);
			runOnlyForDeploymentPostprocessing = 0;
		};
/* End PBXFrameworksBuildPhase section */

/* Begin PBXGroup section */
		592C05292723A62900970B6D = {
			isa = PBXGroup;
			children = (
				592C05342723A62900970B6D /* iOSTemplateSwiftUI */,
				59764C95272CC71B000606B4 /* Packages */,
				592C05452723A62D00970B6D /* iOSTemplateSwiftUITests */,
				592C054F2723A62D00970B6D /* iOSTemplateSwiftUIUITests */,
				592C05332723A62900970B6D /* Products */,
				59764C9B272CC8AB000606B4 /* Frameworks */,
			);
			sourceTree = "<group>";
		};
		592C05332723A62900970B6D /* Products */ = {
			isa = PBXGroup;
			children = (
				592C05322723A62900970B6D /* iOSTemplateSwiftUI.app */,
				592C05422723A62D00970B6D /* iOSTemplateSwiftUITests.xctest */,
				592C054C2723A62D00970B6D /* iOSTemplateSwiftUIUITests.xctest */,
			);
			name = Products;
			sourceTree = "<group>";
		};
		592C05342723A62900970B6D /* iOSTemplateSwiftUI */ = {
			isa = PBXGroup;
			children = (
				592C05352723A62900970B6D /* iOSTemplateSwiftUIApp.swift */,
				59764C91272CC68C000606B4 /* DI */,
				59764C90272CC66E000606B4 /* Data */,
				59764C8E272CC662000606B4 /* UI */,
				59764C92272CC6BA000606B4 /* Resources */,
			);
			path = iOSTemplateSwiftUI;
			sourceTree = "<group>";
		};
		592C053B2723A62C00970B6D /* Preview Content */ = {
			isa = PBXGroup;
			children = (
				592C053C2723A62C00970B6D /* Preview Assets.xcassets */,
			);
			path = "Preview Content";
			sourceTree = "<group>";
		};
		592C05452723A62D00970B6D /* iOSTemplateSwiftUITests */ = {
			isa = PBXGroup;
			children = (
				592C05462723A62D00970B6D /* iOSTemplateSwiftUITests.swift */,
			);
			path = iOSTemplateSwiftUITests;
			sourceTree = "<group>";
		};
		592C054F2723A62D00970B6D /* iOSTemplateSwiftUIUITests */ = {
			isa = PBXGroup;
			children = (
				592C05502723A62D00970B6D /* iOSTemplateSwiftUIUITests.swift */,
				592C05522723A62D00970B6D /* iOSTemplateSwiftUIUITestsLaunchTests.swift */,
			);
			path = iOSTemplateSwiftUIUITests;
			sourceTree = "<group>";
		};
		59764C8E272CC662000606B4 /* UI */ = {
			isa = PBXGroup;
			children = (
				59764C8F272CC662000606B4 /* Base */,
				59764CA7272CCDD6000606B4 /* List */,
			);
			path = UI;
			sourceTree = "<group>";
		};
		59764C8F272CC662000606B4 /* Base */ = {
			isa = PBXGroup;
			children = (
				59764CAC272CCE23000606B4 /* BaseViewModel.swift */,
				59764CD4272F8CFA000606B4 /* ViewModifiers */,
				59764CD7272F8CFA000606B4 /* Widgets */,
			);
			path = Base;
			sourceTree = "<group>";
		};
		59764C90272CC66E000606B4 /* Data */ = {
			isa = PBXGroup;
			children = (
			);
			path = Data;
			sourceTree = "<group>";
		};
		59764C91272CC68C000606B4 /* DI */ = {
			isa = PBXGroup;
			children = (
				59764C93272CC6DC000606B4 /* DIConfig.swift */,
			);
			path = DI;
			sourceTree = "<group>";
		};
		59764C92272CC6BA000606B4 /* Resources */ = {
			isa = PBXGroup;
			children = (
				592C05392723A62C00970B6D /* Assets.xcassets */,
				592C053B2723A62C00970B6D /* Preview Content */,
				59764CC6272CE508000606B4 /* Localizable.strings */,
			);
			path = Resources;
			sourceTree = "<group>";
		};
		59764C95272CC71B000606B4 /* Packages */ = {
			isa = PBXGroup;
			children = (
				59764CA1272CC99C000606B4 /* Common */,
				59764CA2272CC9A4000606B4 /* Networker */,
			);
			name = Packages;
			sourceTree = "<group>";
		};
		59764C9B272CC8AB000606B4 /* Frameworks */ = {
			isa = PBXGroup;
			children = (
			);
			name = Frameworks;
			sourceTree = "<group>";
		};
		59764CA7272CCDD6000606B4 /* List */ = {
			isa = PBXGroup;
			children = (
				59764CA8272CCDD6000606B4 /* ListView.swift */,
				59764CAA272CCDE1000606B4 /* ListViewModel.swift */,
			);
			path = List;
			sourceTree = "<group>";
		};
		59764CD4272F8CFA000606B4 /* ViewModifiers */ = {
			isa = PBXGroup;
			children = (
				59764CD5272F8CFA000606B4 /* OnLoadingModifier.swift */,
				59764CD6272F8CFA000606B4 /* OnErrorModifier.swift */,
			);
			path = ViewModifiers;
			sourceTree = "<group>";
		};
		59764CD7272F8CFA000606B4 /* Widgets */ = {
			isa = PBXGroup;
			children = (
				59764CD8272F8CFA000606B4 /* LoadingView.swift */,
			);
			path = Widgets;
			sourceTree = "<group>";
		};
/* End PBXGroup section */

/* Begin PBXNativeTarget section */
		592C05312723A62900970B6D /* iOSTemplateSwiftUI */ = {
			isa = PBXNativeTarget;
			buildConfigurationList = 592C05562723A62D00970B6D /* Build configuration list for PBXNativeTarget "iOSTemplateSwiftUI" */;
			buildPhases = (
				592C052E2723A62900970B6D /* Sources */,
				592C052F2723A62900970B6D /* Frameworks */,
				592C05302723A62900970B6D /* Resources */,
			);
			buildRules = (
			);
			dependencies = (
			);
			name = iOSTemplateSwiftUI;
			packageProductDependencies = (
				592C05602723A7F300970B6D /* Alamofire */,
				592C05702723A86D00970B6D /* AlamofireImage */,
				59764C99272CC861000606B4 /* Swinject */,
				59764CA3272CC9D0000606B4 /* Common */,
				59764CA5272CC9D0000606B4 /* Networker */,
				59764CBF272CD947000606B4 /* NVActivityIndicatorView */,
				59764CC1272CD947000606B4 /* NVActivityIndicatorViewExtended */,
				59764CC9272CEE5C000606B4 /* AlertToast */,
			);
			productName = iOSTemplateSwiftUI;
			productReference = 592C05322723A62900970B6D /* iOSTemplateSwiftUI.app */;
			productType = "com.apple.product-type.application";
		};
		592C05412723A62D00970B6D /* iOSTemplateSwiftUITests */ = {
			isa = PBXNativeTarget;
			buildConfigurationList = 592C05592723A62D00970B6D /* Build configuration list for PBXNativeTarget "iOSTemplateSwiftUITests" */;
			buildPhases = (
				592C053E2723A62D00970B6D /* Sources */,
				592C053F2723A62D00970B6D /* Frameworks */,
				592C05402723A62D00970B6D /* Resources */,
			);
			buildRules = (
			);
			dependencies = (
				592C05442723A62D00970B6D /* PBXTargetDependency */,
			);
			name = iOSTemplateSwiftUITests;
			productName = iOSTemplateSwiftUITests;
			productReference = 592C05422723A62D00970B6D /* iOSTemplateSwiftUITests.xctest */;
			productType = "com.apple.product-type.bundle.unit-test";
		};
		592C054B2723A62D00970B6D /* iOSTemplateSwiftUIUITests */ = {
			isa = PBXNativeTarget;
			buildConfigurationList = 592C055C2723A62D00970B6D /* Build configuration list for PBXNativeTarget "iOSTemplateSwiftUIUITests" */;
			buildPhases = (
				592C05482723A62D00970B6D /* Sources */,
				592C05492723A62D00970B6D /* Frameworks */,
				592C054A2723A62D00970B6D /* Resources */,
			);
			buildRules = (
			);
			dependencies = (
				592C054E2723A62D00970B6D /* PBXTargetDependency */,
			);
			name = iOSTemplateSwiftUIUITests;
			productName = iOSTemplateSwiftUIUITests;
			productReference = 592C054C2723A62D00970B6D /* iOSTemplateSwiftUIUITests.xctest */;
			productType = "com.apple.product-type.bundle.ui-testing";
		};
/* End PBXNativeTarget section */

/* Begin PBXProject section */
		592C052A2723A62900970B6D /* Project object */ = {
			isa = PBXProject;
			attributes = {
				BuildIndependentTargetsInParallel = 1;
				LastSwiftUpdateCheck = 1300;
				LastUpgradeCheck = 1300;
				TargetAttributes = {
					592C05312723A62900970B6D = {
						CreatedOnToolsVersion = 13.0;
					};
					592C05412723A62D00970B6D = {
						CreatedOnToolsVersion = 13.0;
						TestTargetID = 592C05312723A62900970B6D;
					};
					592C054B2723A62D00970B6D = {
						CreatedOnToolsVersion = 13.0;
						TestTargetID = 592C05312723A62900970B6D;
					};
				};
			};
			buildConfigurationList = 592C052D2723A62900970B6D /* Build configuration list for PBXProject "iOSTemplateSwiftUI" */;
			compatibilityVersion = "Xcode 13.0";
			developmentRegion = en;
			hasScannedForEncodings = 0;
			knownRegions = (
				en,
				Base,
			);
			mainGroup = 592C05292723A62900970B6D;
			packageReferences = (
				592C055F2723A7F300970B6D /* XCRemoteSwiftPackageReference "Alamofire" */,
				592C056F2723A86D00970B6D /* XCRemoteSwiftPackageReference "AlamofireImage" */,
				59764C98272CC861000606B4 /* XCRemoteSwiftPackageReference "Swinject" */,
				59764CBE272CD947000606B4 /* XCRemoteSwiftPackageReference "NVActivityIndicatorView" */,
				59764CC8272CEE5C000606B4 /* XCRemoteSwiftPackageReference "AlertToast" */,
			);
			productRefGroup = 592C05332723A62900970B6D /* Products */;
			projectDirPath = "";
			projectRoot = "";
			targets = (
				592C05312723A62900970B6D /* iOSTemplateSwiftUI */,
				592C05412723A62D00970B6D /* iOSTemplateSwiftUITests */,
				592C054B2723A62D00970B6D /* iOSTemplateSwiftUIUITests */,
			);
		};
/* End PBXProject section */

/* Begin PBXResourcesBuildPhase section */
		592C05302723A62900970B6D /* Resources */ = {
			isa = PBXResourcesBuildPhase;
			buildActionMask = 2147483647;
			files = (
				592C053D2723A62C00970B6D /* Preview Assets.xcassets in Resources */,
				59764CC7272CE508000606B4 /* Localizable.strings in Resources */,
				592C053A2723A62C00970B6D /* Assets.xcassets in Resources */,
			);
			runOnlyForDeploymentPostprocessing = 0;
		};
		592C05402723A62D00970B6D /* Resources */ = {
			isa = PBXResourcesBuildPhase;
			buildActionMask = 2147483647;
			files = (
			);
			runOnlyForDeploymentPostprocessing = 0;
		};
		592C054A2723A62D00970B6D /* Resources */ = {
			isa = PBXResourcesBuildPhase;
			buildActionMask = 2147483647;
			files = (
			);
			runOnlyForDeploymentPostprocessing = 0;
		};
/* End PBXResourcesBuildPhase section */

/* Begin PBXSourcesBuildPhase section */
		592C052E2723A62900970B6D /* Sources */ = {
			isa = PBXSourcesBuildPhase;
			buildActionMask = 2147483647;
			files = (
				59764CA9272CCDD6000606B4 /* ListView.swift in Sources */,
				59764CAD272CCE23000606B4 /* BaseViewModel.swift in Sources */,
				59764CDB272F8CFA000606B4 /* LoadingView.swift in Sources */,
				59764C94272CC6DC000606B4 /* DIConfig.swift in Sources */,
				59764CDA272F8CFA000606B4 /* OnErrorModifier.swift in Sources */,
				59764CD9272F8CFA000606B4 /* OnLoadingModifier.swift in Sources */,
				59764CAB272CCDE1000606B4 /* ListViewModel.swift in Sources */,
				592C05362723A62900970B6D /* iOSTemplateSwiftUIApp.swift in Sources */,
			);
			runOnlyForDeploymentPostprocessing = 0;
		};
		592C053E2723A62D00970B6D /* Sources */ = {
			isa = PBXSourcesBuildPhase;
			buildActionMask = 2147483647;
			files = (
				592C05472723A62D00970B6D /* iOSTemplateSwiftUITests.swift in Sources */,
			);
			runOnlyForDeploymentPostprocessing = 0;
		};
		592C05482723A62D00970B6D /* Sources */ = {
			isa = PBXSourcesBuildPhase;
			buildActionMask = 2147483647;
			files = (
				592C05532723A62D00970B6D /* iOSTemplateSwiftUIUITestsLaunchTests.swift in Sources */,
				592C05512723A62D00970B6D /* iOSTemplateSwiftUIUITests.swift in Sources */,
			);
			runOnlyForDeploymentPostprocessing = 0;
		};
/* End PBXSourcesBuildPhase section */

/* Begin PBXTargetDependency section */
		592C05442723A62D00970B6D /* PBXTargetDependency */ = {
			isa = PBXTargetDependency;
			target = 592C05312723A62900970B6D /* iOSTemplateSwiftUI */;
			targetProxy = 592C05432723A62D00970B6D /* PBXContainerItemProxy */;
		};
		592C054E2723A62D00970B6D /* PBXTargetDependency */ = {
			isa = PBXTargetDependency;
			target = 592C05312723A62900970B6D /* iOSTemplateSwiftUI */;
			targetProxy = 592C054D2723A62D00970B6D /* PBXContainerItemProxy */;
		};
/* End PBXTargetDependency section */

/* Begin XCBuildConfiguration section */
		592C05542723A62D00970B6D /* Debug */ = {
			isa = XCBuildConfiguration;
			buildSettings = {
				ALWAYS_SEARCH_USER_PATHS = NO;
				CLANG_ANALYZER_NONNULL = YES;
				CLANG_ANALYZER_NUMBER_OBJECT_CONVERSION = YES_AGGRESSIVE;
				CLANG_CXX_LANGUAGE_STANDARD = "gnu++17";
				CLANG_CXX_LIBRARY = "libc++";
				CLANG_ENABLE_MODULES = YES;
				CLANG_ENABLE_OBJC_ARC = YES;
				CLANG_ENABLE_OBJC_WEAK = YES;
				CLANG_WARN_BLOCK_CAPTURE_AUTORELEASING = YES;
				CLANG_WARN_BOOL_CONVERSION = YES;
				CLANG_WARN_COMMA = YES;
				CLANG_WARN_CONSTANT_CONVERSION = YES;
				CLANG_WARN_DEPRECATED_OBJC_IMPLEMENTATIONS = YES;
				CLANG_WARN_DIRECT_OBJC_ISA_USAGE = YES_ERROR;
				CLANG_WARN_DOCUMENTATION_COMMENTS = YES;
				CLANG_WARN_EMPTY_BODY = YES;
				CLANG_WARN_ENUM_CONVERSION = YES;
				CLANG_WARN_INFINITE_RECURSION = YES;
				CLANG_WARN_INT_CONVERSION = YES;
				CLANG_WARN_NON_LITERAL_NULL_CONVERSION = YES;
				CLANG_WARN_OBJC_IMPLICIT_RETAIN_SELF = YES;
				CLANG_WARN_OBJC_LITERAL_CONVERSION = YES;
				CLANG_WARN_OBJC_ROOT_CLASS = YES_ERROR;
				CLANG_WARN_QUOTED_INCLUDE_IN_FRAMEWORK_HEADER = YES;
				CLANG_WARN_RANGE_LOOP_ANALYSIS = YES;
				CLANG_WARN_STRICT_PROTOTYPES = YES;
				CLANG_WARN_SUSPICIOUS_MOVE = YES;
				CLANG_WARN_UNGUARDED_AVAILABILITY = YES_AGGRESSIVE;
				CLANG_WARN_UNREACHABLE_CODE = YES;
				CLANG_WARN__DUPLICATE_METHOD_MATCH = YES;
				COPY_PHASE_STRIP = NO;
				DEBUG_INFORMATION_FORMAT = dwarf;
				ENABLE_STRICT_OBJC_MSGSEND = YES;
				ENABLE_TESTABILITY = YES;
				GCC_C_LANGUAGE_STANDARD = gnu11;
				GCC_DYNAMIC_NO_PIC = NO;
				GCC_NO_COMMON_BLOCKS = YES;
				GCC_OPTIMIZATION_LEVEL = 0;
				GCC_PREPROCESSOR_DEFINITIONS = (
					"DEBUG=1",
					"$(inherited)",
				);
				GCC_WARN_64_TO_32_BIT_CONVERSION = YES;
				GCC_WARN_ABOUT_RETURN_TYPE = YES_ERROR;
				GCC_WARN_UNDECLARED_SELECTOR = YES;
				GCC_WARN_UNINITIALIZED_AUTOS = YES_AGGRESSIVE;
				GCC_WARN_UNUSED_FUNCTION = YES;
				GCC_WARN_UNUSED_VARIABLE = YES;
				IPHONEOS_DEPLOYMENT_TARGET = 15.0;
				MTL_ENABLE_DEBUG_INFO = INCLUDE_SOURCE;
				MTL_FAST_MATH = YES;
				ONLY_ACTIVE_ARCH = YES;
				SDKROOT = iphoneos;
				SWIFT_ACTIVE_COMPILATION_CONDITIONS = DEBUG;
				SWIFT_OPTIMIZATION_LEVEL = "-Onone";
			};
			name = Debug;
		};
		592C05552723A62D00970B6D /* Release */ = {
			isa = XCBuildConfiguration;
			buildSettings = {
				ALWAYS_SEARCH_USER_PATHS = NO;
				CLANG_ANALYZER_NONNULL = YES;
				CLANG_ANALYZER_NUMBER_OBJECT_CONVERSION = YES_AGGRESSIVE;
				CLANG_CXX_LANGUAGE_STANDARD = "gnu++17";
				CLANG_CXX_LIBRARY = "libc++";
				CLANG_ENABLE_MODULES = YES;
				CLANG_ENABLE_OBJC_ARC = YES;
				CLANG_ENABLE_OBJC_WEAK = YES;
				CLANG_WARN_BLOCK_CAPTURE_AUTORELEASING = YES;
				CLANG_WARN_BOOL_CONVERSION = YES;
				CLANG_WARN_COMMA = YES;
				CLANG_WARN_CONSTANT_CONVERSION = YES;
				CLANG_WARN_DEPRECATED_OBJC_IMPLEMENTATIONS = YES;
				CLANG_WARN_DIRECT_OBJC_ISA_USAGE = YES_ERROR;
				CLANG_WARN_DOCUMENTATION_COMMENTS = YES;
				CLANG_WARN_EMPTY_BODY = YES;
				CLANG_WARN_ENUM_CONVERSION = YES;
				CLANG_WARN_INFINITE_RECURSION = YES;
				CLANG_WARN_INT_CONVERSION = YES;
				CLANG_WARN_NON_LITERAL_NULL_CONVERSION = YES;
				CLANG_WARN_OBJC_IMPLICIT_RETAIN_SELF = YES;
				CLANG_WARN_OBJC_LITERAL_CONVERSION = YES;
				CLANG_WARN_OBJC_ROOT_CLASS = YES_ERROR;
				CLANG_WARN_QUOTED_INCLUDE_IN_FRAMEWORK_HEADER = YES;
				CLANG_WARN_RANGE_LOOP_ANALYSIS = YES;
				CLANG_WARN_STRICT_PROTOTYPES = YES;
				CLANG_WARN_SUSPICIOUS_MOVE = YES;
				CLANG_WARN_UNGUARDED_AVAILABILITY = YES_AGGRESSIVE;
				CLANG_WARN_UNREACHABLE_CODE = YES;
				CLANG_WARN__DUPLICATE_METHOD_MATCH = YES;
				COPY_PHASE_STRIP = NO;
				DEBUG_INFORMATION_FORMAT = "dwarf-with-dsym";
				ENABLE_NS_ASSERTIONS = NO;
				ENABLE_STRICT_OBJC_MSGSEND = YES;
				GCC_C_LANGUAGE_STANDARD = gnu11;
				GCC_NO_COMMON_BLOCKS = YES;
				GCC_WARN_64_TO_32_BIT_CONVERSION = YES;
				GCC_WARN_ABOUT_RETURN_TYPE = YES_ERROR;
				GCC_WARN_UNDECLARED_SELECTOR = YES;
				GCC_WARN_UNINITIALIZED_AUTOS = YES_AGGRESSIVE;
				GCC_WARN_UNUSED_FUNCTION = YES;
				GCC_WARN_UNUSED_VARIABLE = YES;
				IPHONEOS_DEPLOYMENT_TARGET = 15.0;
				MTL_ENABLE_DEBUG_INFO = NO;
				MTL_FAST_MATH = YES;
				SDKROOT = iphoneos;
				SWIFT_COMPILATION_MODE = wholemodule;
				SWIFT_OPTIMIZATION_LEVEL = "-O";
				VALIDATE_PRODUCT = YES;
			};
			name = Release;
		};
		592C05572723A62D00970B6D /* Debug */ = {
			isa = XCBuildConfiguration;
			buildSettings = {
				ASSETCATALOG_COMPILER_APPICON_NAME = AppIcon;
				ASSETCATALOG_COMPILER_GLOBAL_ACCENT_COLOR_NAME = AccentColor;
				CODE_SIGN_STYLE = Automatic;
				CURRENT_PROJECT_VERSION = 1;
				DEVELOPMENT_ASSET_PATHS = "\"iOSTemplateSwiftUI/Resources/Preview Content\"";
				DEVELOPMENT_TEAM = 98ZR4W8N62;
				ENABLE_PREVIEWS = YES;
				GENERATE_INFOPLIST_FILE = YES;
				INFOPLIST_KEY_UIApplicationSceneManifest_Generation = YES;
				INFOPLIST_KEY_UIApplicationSupportsIndirectInputEvents = YES;
				INFOPLIST_KEY_UILaunchScreen_Generation = YES;
				INFOPLIST_KEY_UISupportedInterfaceOrientations_iPad = "UIInterfaceOrientationPortrait UIInterfaceOrientationPortraitUpsideDown UIInterfaceOrientationLandscapeLeft UIInterfaceOrientationLandscapeRight";
				INFOPLIST_KEY_UISupportedInterfaceOrientations_iPhone = "UIInterfaceOrientationPortrait UIInterfaceOrientationLandscapeLeft UIInterfaceOrientationLandscapeRight";
				IPHONEOS_DEPLOYMENT_TARGET = 14.0;
				LD_RUNPATH_SEARCH_PATHS = (
					"$(inherited)",
					"@executable_path/Frameworks",
				);
				MARKETING_VERSION = 1.0;
				PRODUCT_BUNDLE_IDENTIFIER = Johnnie.iOSTemplateSwiftUI;
				PRODUCT_NAME = "$(TARGET_NAME)";
				SWIFT_EMIT_LOC_STRINGS = YES;
				SWIFT_VERSION = 5.0;
				TARGETED_DEVICE_FAMILY = "1,2";
			};
			name = Debug;
		};
		592C05582723A62D00970B6D /* Release */ = {
			isa = XCBuildConfiguration;
			buildSettings = {
				ASSETCATALOG_COMPILER_APPICON_NAME = AppIcon;
				ASSETCATALOG_COMPILER_GLOBAL_ACCENT_COLOR_NAME = AccentColor;
				CODE_SIGN_STYLE = Automatic;
				CURRENT_PROJECT_VERSION = 1;
				DEVELOPMENT_ASSET_PATHS = "\"iOSTemplateSwiftUI/Resources/Preview Content\"";
				DEVELOPMENT_TEAM = 98ZR4W8N62;
				ENABLE_PREVIEWS = YES;
				GENERATE_INFOPLIST_FILE = YES;
				INFOPLIST_KEY_UIApplicationSceneManifest_Generation = YES;
				INFOPLIST_KEY_UIApplicationSupportsIndirectInputEvents = YES;
				INFOPLIST_KEY_UILaunchScreen_Generation = YES;
				INFOPLIST_KEY_UISupportedInterfaceOrientations_iPad = "UIInterfaceOrientationPortrait UIInterfaceOrientationPortraitUpsideDown UIInterfaceOrientationLandscapeLeft UIInterfaceOrientationLandscapeRight";
				INFOPLIST_KEY_UISupportedInterfaceOrientations_iPhone = "UIInterfaceOrientationPortrait UIInterfaceOrientationLandscapeLeft UIInterfaceOrientationLandscapeRight";
				IPHONEOS_DEPLOYMENT_TARGET = 14.0;
				LD_RUNPATH_SEARCH_PATHS = (
					"$(inherited)",
					"@executable_path/Frameworks",
				);
				MARKETING_VERSION = 1.0;
				PRODUCT_BUNDLE_IDENTIFIER = Johnnie.iOSTemplateSwiftUI;
				PRODUCT_NAME = "$(TARGET_NAME)";
				SWIFT_EMIT_LOC_STRINGS = YES;
				SWIFT_VERSION = 5.0;
				TARGETED_DEVICE_FAMILY = "1,2";
			};
			name = Release;
		};
		592C055A2723A62D00970B6D /* Debug */ = {
			isa = XCBuildConfiguration;
			buildSettings = {
				ALWAYS_EMBED_SWIFT_STANDARD_LIBRARIES = YES;
				BUNDLE_LOADER = "$(TEST_HOST)";
				CODE_SIGN_STYLE = Automatic;
				CURRENT_PROJECT_VERSION = 1;
				DEVELOPMENT_TEAM = 98ZR4W8N62;
				GENERATE_INFOPLIST_FILE = YES;
				IPHONEOS_DEPLOYMENT_TARGET = 14.0;
				LD_RUNPATH_SEARCH_PATHS = (
					"$(inherited)",
					"@executable_path/Frameworks",
					"@loader_path/Frameworks",
				);
				MARKETING_VERSION = 1.0;
				PRODUCT_BUNDLE_IDENTIFIER = Johnnie.iOSTemplateSwiftUITests;
				PRODUCT_NAME = "$(TARGET_NAME)";
				SWIFT_EMIT_LOC_STRINGS = NO;
				SWIFT_VERSION = 5.0;
				TARGETED_DEVICE_FAMILY = "1,2";
				TEST_HOST = "$(BUILT_PRODUCTS_DIR)/iOSTemplateSwiftUI.app/iOSTemplateSwiftUI";
			};
			name = Debug;
		};
		592C055B2723A62D00970B6D /* Release */ = {
			isa = XCBuildConfiguration;
			buildSettings = {
				ALWAYS_EMBED_SWIFT_STANDARD_LIBRARIES = YES;
				BUNDLE_LOADER = "$(TEST_HOST)";
				CODE_SIGN_STYLE = Automatic;
				CURRENT_PROJECT_VERSION = 1;
				DEVELOPMENT_TEAM = 98ZR4W8N62;
				GENERATE_INFOPLIST_FILE = YES;
				IPHONEOS_DEPLOYMENT_TARGET = 14.0;
				LD_RUNPATH_SEARCH_PATHS = (
					"$(inherited)",
					"@executable_path/Frameworks",
					"@loader_path/Frameworks",
				);
				MARKETING_VERSION = 1.0;
				PRODUCT_BUNDLE_IDENTIFIER = Johnnie.iOSTemplateSwiftUITests;
				PRODUCT_NAME = "$(TARGET_NAME)";
				SWIFT_EMIT_LOC_STRINGS = NO;
				SWIFT_VERSION = 5.0;
				TARGETED_DEVICE_FAMILY = "1,2";
				TEST_HOST = "$(BUILT_PRODUCTS_DIR)/iOSTemplateSwiftUI.app/iOSTemplateSwiftUI";
			};
			name = Release;
		};
		592C055D2723A62D00970B6D /* Debug */ = {
			isa = XCBuildConfiguration;
			buildSettings = {
				ALWAYS_EMBED_SWIFT_STANDARD_LIBRARIES = YES;
				CODE_SIGN_STYLE = Automatic;
				CURRENT_PROJECT_VERSION = 1;
				DEVELOPMENT_TEAM = 98ZR4W8N62;
				GENERATE_INFOPLIST_FILE = YES;
				LD_RUNPATH_SEARCH_PATHS = (
					"$(inherited)",
					"@executable_path/Frameworks",
					"@loader_path/Frameworks",
				);
				MARKETING_VERSION = 1.0;
				PRODUCT_BUNDLE_IDENTIFIER = Johnnie.iOSTemplateSwiftUIUITests;
				PRODUCT_NAME = "$(TARGET_NAME)";
				SWIFT_EMIT_LOC_STRINGS = NO;
				SWIFT_VERSION = 5.0;
				TARGETED_DEVICE_FAMILY = "1,2";
				TEST_TARGET_NAME = iOSTemplateSwiftUI;
			};
			name = Debug;
		};
		592C055E2723A62D00970B6D /* Release */ = {
			isa = XCBuildConfiguration;
			buildSettings = {
				ALWAYS_EMBED_SWIFT_STANDARD_LIBRARIES = YES;
				CODE_SIGN_STYLE = Automatic;
				CURRENT_PROJECT_VERSION = 1;
				DEVELOPMENT_TEAM = 98ZR4W8N62;
				GENERATE_INFOPLIST_FILE = YES;
				LD_RUNPATH_SEARCH_PATHS = (
					"$(inherited)",
					"@executable_path/Frameworks",
					"@loader_path/Frameworks",
				);
				MARKETING_VERSION = 1.0;
				PRODUCT_BUNDLE_IDENTIFIER = Johnnie.iOSTemplateSwiftUIUITests;
				PRODUCT_NAME = "$(TARGET_NAME)";
				SWIFT_EMIT_LOC_STRINGS = NO;
				SWIFT_VERSION = 5.0;
				TARGETED_DEVICE_FAMILY = "1,2";
				TEST_TARGET_NAME = iOSTemplateSwiftUI;
			};
			name = Release;
		};
/* End XCBuildConfiguration section */

/* Begin XCConfigurationList section */
		592C052D2723A62900970B6D /* Build configuration list for PBXProject "iOSTemplateSwiftUI" */ = {
			isa = XCConfigurationList;
			buildConfigurations = (
				592C05542723A62D00970B6D /* Debug */,
				592C05552723A62D00970B6D /* Release */,
			);
			defaultConfigurationIsVisible = 0;
			defaultConfigurationName = Release;
		};
		592C05562723A62D00970B6D /* Build configuration list for PBXNativeTarget "iOSTemplateSwiftUI" */ = {
			isa = XCConfigurationList;
			buildConfigurations = (
				592C05572723A62D00970B6D /* Debug */,
				592C05582723A62D00970B6D /* Release */,
			);
			defaultConfigurationIsVisible = 0;
			defaultConfigurationName = Release;
		};
		592C05592723A62D00970B6D /* Build configuration list for PBXNativeTarget "iOSTemplateSwiftUITests" */ = {
			isa = XCConfigurationList;
			buildConfigurations = (
				592C055A2723A62D00970B6D /* Debug */,
				592C055B2723A62D00970B6D /* Release */,
			);
			defaultConfigurationIsVisible = 0;
			defaultConfigurationName = Release;
		};
		592C055C2723A62D00970B6D /* Build configuration list for PBXNativeTarget "iOSTemplateSwiftUIUITests" */ = {
			isa = XCConfigurationList;
			buildConfigurations = (
				592C055D2723A62D00970B6D /* Debug */,
				592C055E2723A62D00970B6D /* Release */,
			);
			defaultConfigurationIsVisible = 0;
			defaultConfigurationName = Release;
		};
/* End XCConfigurationList section */

/* Begin XCRemoteSwiftPackageReference section */
		592C055F2723A7F300970B6D /* XCRemoteSwiftPackageReference "Alamofire" */ = {
			isa = XCRemoteSwiftPackageReference;
			repositoryURL = "https://github.com/Alamofire/Alamofire.git";
			requirement = {
				kind = upToNextMajorVersion;
				minimumVersion = 5.4.0;
			};
		};
		592C056F2723A86D00970B6D /* XCRemoteSwiftPackageReference "AlamofireImage" */ = {
			isa = XCRemoteSwiftPackageReference;
			repositoryURL = "https://github.com/Alamofire/AlamofireImage.git";
			requirement = {
				kind = upToNextMajorVersion;
				minimumVersion = 4.2.0;
			};
		};
		59764C98272CC861000606B4 /* XCRemoteSwiftPackageReference "Swinject" */ = {
			isa = XCRemoteSwiftPackageReference;
			repositoryURL = "https://github.com/Swinject/Swinject.git";
			requirement = {
				kind = upToNextMajorVersion;
				minimumVersion = 2.8.1;
			};
		};
		59764CBE272CD947000606B4 /* XCRemoteSwiftPackageReference "NVActivityIndicatorView" */ = {
			isa = XCRemoteSwiftPackageReference;
			repositoryURL = "https://github.com/ninjaprox/NVActivityIndicatorView.git";
			requirement = {
				kind = upToNextMajorVersion;
				minimumVersion = 5.1.1;
			};
		};
		59764CC8272CEE5C000606B4 /* XCRemoteSwiftPackageReference "AlertToast" */ = {
			isa = XCRemoteSwiftPackageReference;
			repositoryURL = "https://github.com/elai950/AlertToast.git";
			requirement = {
				kind = upToNextMajorVersion;
				minimumVersion = 1.0.0;
			};
		};
/* End XCRemoteSwiftPackageReference section */

/* Begin XCSwiftPackageProductDependency section */
		592C05602723A7F300970B6D /* Alamofire */ = {
			isa = XCSwiftPackageProductDependency;
			package = 592C055F2723A7F300970B6D /* XCRemoteSwiftPackageReference "Alamofire" */;
			productName = Alamofire;
		};
		592C05702723A86D00970B6D /* AlamofireImage */ = {
			isa = XCSwiftPackageProductDependency;
			package = 592C056F2723A86D00970B6D /* XCRemoteSwiftPackageReference "AlamofireImage" */;
			productName = AlamofireImage;
		};
		59764C99272CC861000606B4 /* Swinject */ = {
			isa = XCSwiftPackageProductDependency;
			package = 59764C98272CC861000606B4 /* XCRemoteSwiftPackageReference "Swinject" */;
			productName = Swinject;
		};
		59764CA3272CC9D0000606B4 /* Common */ = {
			isa = XCSwiftPackageProductDependency;
			productName = Common;
		};
		59764CA5272CC9D0000606B4 /* Networker */ = {
			isa = XCSwiftPackageProductDependency;
			productName = Networker;
		};
		59764CBF272CD947000606B4 /* NVActivityIndicatorView */ = {
			isa = XCSwiftPackageProductDependency;
			package = 59764CBE272CD947000606B4 /* XCRemoteSwiftPackageReference "NVActivityIndicatorView" */;
			productName = NVActivityIndicatorView;
		};
		59764CC1272CD947000606B4 /* NVActivityIndicatorViewExtended */ = {
			isa = XCSwiftPackageProductDependency;
			package = 59764CBE272CD947000606B4 /* XCRemoteSwiftPackageReference "NVActivityIndicatorView" */;
			productName = NVActivityIndicatorViewExtended;
		};
		59764CC9272CEE5C000606B4 /* AlertToast */ = {
			isa = XCSwiftPackageProductDependency;
			package = 59764CC8272CEE5C000606B4 /* XCRemoteSwiftPackageReference "AlertToast" */;
			productName = AlertToast;
		};
/* End XCSwiftPackageProductDependency section */
	};
	rootObject = 592C052A2723A62900970B6D /* Project object */;
}
