{
  "object": {
    "pins": [
      {
        "package": "Alamofire",
        "repositoryURL": "https://github.com/Alamofire/Alamofire.git",
        "state": {
          "branch": null,
          "revision": "8dd85aee02e39dd280c75eef88ffdb86eed4b07b",
          "version": "5.6.2"
        }
      },
      {
        "package": "AlamofireImage",
        "repositoryURL": "https://github.com/Alamofire/AlamofireImage.git",
        "state": {
          "branch": null,
          "revision": "98cbb00ce0ec5fc8e52a5b50a6bfc08d3e5aee10",
          "version": "4.2.0"
        }
      },
      {
        "package": "AlertToast",
        "repositoryURL": "https://github.com/elai950/AlertToast.git",
        "state": {
          "branch": null,
          "revision": "a4f4267f6454259ba4ed8f9dadb87334a789c26c",
          "version": "1.3.7"
        }
      },
      {
        "package": "NVActivityIndicatorView",
        "repositoryURL": "https://github.com/ninjaprox/NVActivityIndicatorView.git",
        "state": {
          "branch": null,
          "revision": "bcb52371f2259254bac6690f92bb474a61768c47",
          "version": "5.1.1"
        }
      },
      {
        "package": "SDWebImage",
        "repositoryURL": "https://github.com/SDWebImage/SDWebImage.git",
        "state": {
          "branch": null,
          "revision": "3312bf5e67b52fbce7c3caf431b0cda721a9f7bb",
          "version": "5.14.2"
        }
      },
      {
        "package": "SDWebImageSwiftUI",
        "repositoryURL": "https://github.com/SDWebImage/SDWebImageSwiftUI.git",
        "state": {
          "branch": null,
          "revision": "ed288667c909c89127ab1b690113a3e397af3098",
          "version": "2.2.1"
        }
      },
      {
        "package": "Swinject",
        "repositoryURL": "https://github.com/Swinject/Swinject.git",
        "state": {
          "branch": null,
          "revision": "11e65d83ba100459a41837119a8af32f182339f1",
          "version": "2.8.2"
        }
      }
    ]
  },
  "version": 1
}
